
Microsoft Visual Studio Solution File, Format Version 12.00
# Visual Studio 14
VisualStudioVersion = 14.0.25123.0
MinimumVisualStudioVersion = 10.0.40219.1
Project("{FAE04EC0-301F-11D3-BF4B-00C04F79EFBC}") = "Kova", "Kova.csproj", "{ECCF0003-B809-4CC5-93B0-48861180D495}"
EndProject
Project("{FAE04EC0-301F-11D3-BF4B-00C04F79EFBC}") = "Kova.Tests", "Kova.Tests\Kova.Tests.csproj", "{ED1F0098-D54E-4C54-88CB-CF5174492A9D}"
EndProject
Global
	GlobalSection(SolutionConfigurationPlatforms) = preSolution
		Debug|Any CPU = Debug|Any CPU
		Release|Any CPU = Release|Any CPU
	EndGlobalSection
	GlobalSection(ProjectConfigurationPlatforms) = postSolution
		{ECCF0003-B809-4CC5-93B0-48861180D495}.Debug|Any CPU.ActiveCfg = Debug|Any CPU
		{ECCF0003-B809-4CC5-93B0-48861180D495}.Debug|Any CPU.Build.0 = Debug|Any CPU
		{ECCF0003-B809-4CC5-93B0-48861180D495}.Release|Any CPU.ActiveCfg = Release|Any CPU
		{ECCF0003-B809-4CC5-93B0-48861180D495}.Release|Any CPU.Build.0 = Release|Any CPU
		{ED1F0098-D54E-4C54-88CB-CF5174492A9D}.Debug|Any CPU.ActiveCfg = Debug|Any CPU
		{ED1F0098-D54E-4C54-88CB-CF5174492A9D}.Debug|Any CPU.Build.0 = Debug|Any CPU
		{ED1F0098-D54E-4C54-88CB-CF5174492A9D}.Release|Any CPU.ActiveCfg = Release|Any CPU
		{ED1F0098-D54E-4C54-88CB-CF5174492A9D}.Release|Any CPU.Build.0 = Release|Any CPU
	EndGlobalSection
	GlobalSection(SolutionProperties) = preSolution
		HideSolutionNode = FALSE
	EndGlobalSection
EndGlobal
